
Microsoft Visual Studio Solution File, Format Version 10.00
# Visual Studio 2008
Project("{FAE04EC0-301F-11D3-BF4B-00C04F79EFBC}") = "WaterPolygonizerDemo", "WaterPolygonizerDemo\WaterPolygonizerDemo.csproj", "{257139B5-09C7-482F-B625-5EECC4BBB0CC}"
EndProject
Global
	GlobalSection(SolutionConfigurationPlatforms) = preSolution
		Debug|x86 = Debug|x86
		Release|x86 = Release|x86
	EndGlobalSection
	GlobalSection(ProjectConfigurationPlatforms) = postSolution
		{257139B5-09C7-482F-B625-5EECC4BBB0CC}.Debug|x86.ActiveCfg = Debug|x86
		{257139B5-09C7-482F-B625-5EECC4BBB0CC}.Debug|x86.Build.0 = Debug|x86
		{257139B5-09C7-482F-B625-5EECC4BBB0CC}.Release|x86.ActiveCfg = Release|x86
		{257139B5-09C7-482F-B625-5EECC4BBB0CC}.Release|x86.Build.0 = Release|x86
		{25B19957-FA57-4672-9C0A-301CA9C0683E}.Debug|x86.ActiveCfg = Debug|x86
		{25B19957-FA57-4672-9C0A-301CA9C0683E}.Release|x86.ActiveCfg = Release|x86
	EndGlobalSection
	GlobalSection(SolutionProperties) = preSolution
		HideSolutionNode = FALSE
	EndGlobalSection
EndGlobal
